
Microsoft Visual Studio Solution File, Format Version 12.00
# Visual Studio Version 17
VisualStudioVersion = 17.11.35208.52
MinimumVisualStudioVersion = 10.0.40219.1
Project("{FAE04EC0-301F-11D3-BF4B-00C04F79EFBC}") = "Drawing", "Drawing\Drawing.csproj", "{3918A7F1-FDD2-40D7-AAAC-D638A2DAD54F}"
EndProject
Global
	GlobalSection(SolutionConfigurationPlatforms) = preSolution
		Debug|Any CPU = Debug|Any CPU
		Release|Any CPU = Release|Any CPU
	EndGlobalSection
	GlobalSection(ProjectConfigurationPlatforms) = postSolution
		{3918A7F1-FDD2-40D7-AAAC-D638A2DAD54F}.Debug|Any CPU.ActiveCfg = Debug|Any CPU
		{3918A7F1-FDD2-40D7-AAAC-D638A2DAD54F}.Debug|Any CPU.Build.0 = Debug|Any CPU
		{3918A7F1-FDD2-40D7-AAAC-D638A2DAD54F}.Release|Any CPU.ActiveCfg = Release|Any CPU
		{3918A7F1-FDD2-40D7-AAAC-D638A2DAD54F}.Release|Any CPU.Build.0 = Release|Any CPU
	EndGlobalSection
	GlobalSection(SolutionProperties) = preSolution
		HideSolutionNode = FALSE
	EndGlobalSection
	GlobalSection(ExtensibilityGlobals) = postSolution
		SolutionGuid = {D322FD6B-2F31-44AA-8363-5B116195D6AC}
	EndGlobalSection
EndGlobal
