
Microsoft Visual Studio Solution File, Format Version 12.00
# Visual Studio Version 17
VisualStudioVersion = 17.11.35327.3
MinimumVisualStudioVersion = 10.0.40219.1
Project("{FAE04EC0-301F-11D3-BF4B-00C04F79EFBC}") = "Swin-Adventure1.2", "Swin-Adventure1.2\Swin-Adventure1.2.csproj", "{6430E96A-105A-4611-AAD7-3D4F94F06986}"
EndProject
Project("{FAE04EC0-301F-11D3-BF4B-00C04F79EFBC}") = "IdentifiableObjectTest", "IdentifiableObjectTest\IdentifiableObjectTest.csproj", "{8E05F474-6813-4068-B971-B30019D45848}"
EndProject
Global
	GlobalSection(SolutionConfigurationPlatforms) = preSolution
		Debug|Any CPU = Debug|Any CPU
		Release|Any CPU = Release|Any CPU
	EndGlobalSection
	GlobalSection(ProjectConfigurationPlatforms) = postSolution
		{6430E96A-105A-4611-AAD7-3D4F94F06986}.Debug|Any CPU.ActiveCfg = Debug|Any CPU
		{6430E96A-105A-4611-AAD7-3D4F94F06986}.Debug|Any CPU.Build.0 = Debug|Any CPU
		{6430E96A-105A-4611-AAD7-3D4F94F06986}.Release|Any CPU.ActiveCfg = Release|Any CPU
		{6430E96A-105A-4611-AAD7-3D4F94F06986}.Release|Any CPU.Build.0 = Release|Any CPU
		{8E05F474-6813-4068-B971-B30019D45848}.Debug|Any CPU.ActiveCfg = Debug|Any CPU
		{8E05F474-6813-4068-B971-B30019D45848}.Debug|Any CPU.Build.0 = Debug|Any CPU
		{8E05F474-6813-4068-B971-B30019D45848}.Release|Any CPU.ActiveCfg = Release|Any CPU
		{8E05F474-6813-4068-B971-B30019D45848}.Release|Any CPU.Build.0 = Release|Any CPU
	EndGlobalSection
	GlobalSection(SolutionProperties) = preSolution
		HideSolutionNode = FALSE
	EndGlobalSection
	GlobalSection(ExtensibilityGlobals) = postSolution
		SolutionGuid = {2CEE482C-FAA2-4AF9-B8B8-163A0CCF7900}
	EndGlobalSection
EndGlobal
