
Microsoft Visual Studio Solution File, Format Version 12.00
# Visual Studio Version 17
VisualStudioVersion = 17.11.35208.52
MinimumVisualStudioVersion = 10.0.40219.1
Project("{9A19103F-16F7-4668-BE54-9A1E7A4F7556}") = "QueueApplication", "QueueApplication\QueueApplication.csproj", "{DF045D5C-0027-418B-9755-B69673DB8BA0}"
EndProject
Project("{FAE04EC0-301F-11D3-BF4B-00C04F79EFBC}") = "TestQueue", "Test_Queue\TestQueue.csproj", "{4453AD6C-659E-4592-AD06-39CD3C9049D3}"
EndProject
Global
	GlobalSection(SolutionConfigurationPlatforms) = preSolution
		Debug|Any CPU = Debug|Any CPU
		Release|Any CPU = Release|Any CPU
	EndGlobalSection
	GlobalSection(ProjectConfigurationPlatforms) = postSolution
		{DF045D5C-0027-418B-9755-B69673DB8BA0}.Debug|Any CPU.ActiveCfg = Debug|Any CPU
		{DF045D5C-0027-418B-9755-B69673DB8BA0}.Debug|Any CPU.Build.0 = Debug|Any CPU
		{DF045D5C-0027-418B-9755-B69673DB8BA0}.Release|Any CPU.ActiveCfg = Release|Any CPU
		{DF045D5C-0027-418B-9755-B69673DB8BA0}.Release|Any CPU.Build.0 = Release|Any CPU
		{4453AD6C-659E-4592-AD06-39CD3C9049D3}.Debug|Any CPU.ActiveCfg = Debug|Any CPU
		{4453AD6C-659E-4592-AD06-39CD3C9049D3}.Debug|Any CPU.Build.0 = Debug|Any CPU
		{4453AD6C-659E-4592-AD06-39CD3C9049D3}.Release|Any CPU.ActiveCfg = Release|Any CPU
		{4453AD6C-659E-4592-AD06-39CD3C9049D3}.Release|Any CPU.Build.0 = Release|Any CPU
	EndGlobalSection
	GlobalSection(SolutionProperties) = preSolution
		HideSolutionNode = FALSE
	EndGlobalSection
	GlobalSection(ExtensibilityGlobals) = postSolution
		SolutionGuid = {608DF840-1E20-4D25-A888-D4E0445D02C6}
	EndGlobalSection
EndGlobal
