
Microsoft Visual Studio Solution File, Format Version 12.00
# Visual Studio Version 17
VisualStudioVersion = 17.11.35219.272
MinimumVisualStudioVersion = 10.0.40219.1
Project("{9A19103F-16F7-4668-BE54-9A1E7A4F7556}") = "ShapeDrawer2", "ShapeDrawer2.csproj", "{ED553C2D-F6C9-438A-9883-DFA66E3D901C}"
EndProject
Global
	GlobalSection(SolutionConfigurationPlatforms) = preSolution
		Debug|Any CPU = Debug|Any CPU
		Release|Any CPU = Release|Any CPU
	EndGlobalSection
	GlobalSection(ProjectConfigurationPlatforms) = postSolution
		{ED553C2D-F6C9-438A-9883-DFA66E3D901C}.Debug|Any CPU.ActiveCfg = Debug|Any CPU
		{ED553C2D-F6C9-438A-9883-DFA66E3D901C}.Debug|Any CPU.Build.0 = Debug|Any CPU
		{ED553C2D-F6C9-438A-9883-DFA66E3D901C}.Release|Any CPU.ActiveCfg = Release|Any CPU
		{ED553C2D-F6C9-438A-9883-DFA66E3D901C}.Release|Any CPU.Build.0 = Release|Any CPU
	EndGlobalSection
	GlobalSection(SolutionProperties) = preSolution
		HideSolutionNode = FALSE
	EndGlobalSection
	GlobalSection(ExtensibilityGlobals) = postSolution
		SolutionGuid = {0CE0003C-6411-4C3C-90F5-97C9036D628E}
	EndGlobalSection
EndGlobal
