
Microsoft Visual Studio Solution File, Format Version 12.00
# Visual Studio Version 17
VisualStudioVersion = 17.11.35208.52
MinimumVisualStudioVersion = 10.0.40219.1
Project("{9A19103F-16F7-4668-BE54-9A1E7A4F7556}") = "SplashKitDemo2", "..\MSYS2\home\dj444\SplashKitDemo2\SplashKitDemo2.csproj", "{6C0C7676-BE6C-4F52-B2C7-1791CE6A8C20}"
EndProject
Global
	GlobalSection(SolutionConfigurationPlatforms) = preSolution
		Debug|Any CPU = Debug|Any CPU
		Release|Any CPU = Release|Any CPU
	EndGlobalSection
	GlobalSection(ProjectConfigurationPlatforms) = postSolution
		{6C0C7676-BE6C-4F52-B2C7-1791CE6A8C20}.Debug|Any CPU.ActiveCfg = Debug|Any CPU
		{6C0C7676-BE6C-4F52-B2C7-1791CE6A8C20}.Debug|Any CPU.Build.0 = Debug|Any CPU
		{6C0C7676-BE6C-4F52-B2C7-1791CE6A8C20}.Release|Any CPU.ActiveCfg = Release|Any CPU
		{6C0C7676-BE6C-4F52-B2C7-1791CE6A8C20}.Release|Any CPU.Build.0 = Release|Any CPU
	EndGlobalSection
	GlobalSection(SolutionProperties) = preSolution
		HideSolutionNode = FALSE
	EndGlobalSection
	GlobalSection(ExtensibilityGlobals) = postSolution
		SolutionGuid = {52056601-B56F-494E-8010-F450B8274FCE}
	EndGlobalSection
EndGlobal
